
Microsoft Visual Studio Solution File, Format Version 12.00
# Visual Studio Version 17
VisualStudioVersion = 17.9.34607.119
MinimumVisualStudioVersion = 10.0.40219.1
Project("{F184B08F-C81C-45F6-A57F-5ABD9991F28F}") = "Calculator", "Calculator\Calculator.vbproj", "{1F6077CB-C672-4771-9592-6207FEA55374}"
EndProject
Global
	GlobalSection(SolutionConfigurationPlatforms) = preSolution
		Debug|Any CPU = Debug|Any CPU
		Release|Any CPU = Release|Any CPU
	EndGlobalSection
	GlobalSection(ProjectConfigurationPlatforms) = postSolution
		{1F6077CB-C672-4771-9592-6207FEA55374}.Debug|Any CPU.ActiveCfg = Debug|Any CPU
		{1F6077CB-C672-4771-9592-6207FEA55374}.Debug|Any CPU.Build.0 = Debug|Any CPU
		{1F6077CB-C672-4771-9592-6207FEA55374}.Release|Any CPU.ActiveCfg = Release|Any CPU
		{1F6077CB-C672-4771-9592-6207FEA55374}.Release|Any CPU.Build.0 = Release|Any CPU
	EndGlobalSection
	GlobalSection(SolutionProperties) = preSolution
		HideSolutionNode = FALSE
	EndGlobalSection
	GlobalSection(ExtensibilityGlobals) = postSolution
		SolutionGuid = {49A03F96-D11C-40FA-8941-A7D05C7D9D51}
	EndGlobalSection
EndGlobal
